
Microsoft Visual Studio Solution File, Format Version 12.00
# Visual Studio 15
VisualStudioVersion = 15.0.27130.2010
MinimumVisualStudioVersion = 10.0.40219.1
Project("{9A19103F-16F7-4668-BE54-9A1E7A4F7556}") = "Machete", "Machete\Machete.csproj", "{F223FB77-E83F-4A63-B8E2-73624B492545}"
EndProject
Project("{9A19103F-16F7-4668-BE54-9A1E7A4F7556}") = "Machete.Tests", "Machete.Tests\Machete.Tests.csproj", "{1D41759F-660E-4664-883E-190BB9A041EB}"
EndProject
Project("{9A19103F-16F7-4668-BE54-9A1E7A4F7556}") = "Machete.HL7", "Machete.HL7\Machete.HL7.csproj", "{EE9BE5FD-E053-473F-A91F-C7216138F044}"
EndProject
Project("{9A19103F-16F7-4668-BE54-9A1E7A4F7556}") = "Machete.HL7.Tests", "Machete.HL7.Tests\Machete.HL7.Tests.csproj", "{17297476-28E0-4544-9C1E-E3F51162FEBD}"
EndProject
Project("{9A19103F-16F7-4668-BE54-9A1E7A4F7556}") = "Machete.HL7Schema", "Machete.HL7Schema\Machete.HL7Schema.csproj", "{9D6B014C-10E5-42A8-A5D9-8C544F06C93D}"
EndProject
Project("{9A19103F-16F7-4668-BE54-9A1E7A4F7556}") = "Machete.X12", "Machete.X12\Machete.X12.csproj", "{FED61E73-7033-4B7C-89FF-4A0DFDD3D062}"
EndProject
Project("{9A19103F-16F7-4668-BE54-9A1E7A4F7556}") = "Machete.X12.Tests", "Machete.X12.Tests\Machete.X12.Tests.csproj", "{DE3734D5-33CB-4432-866C-1C734BE30F50}"
EndProject
Project("{9A19103F-16F7-4668-BE54-9A1E7A4F7556}") = "Machete.X12Schema", "Machete.X12Schema\Machete.X12Schema.csproj", "{2A4EF736-F9B0-4E37-A77A-90FF0C3CF436}"
EndProject
Project("{FAE04EC0-301F-11D3-BF4B-00C04F79EFBC}") = "ProfileConsole", "ProfileConsole\ProfileConsole.csproj", "{8827A6E3-F0A4-41EC-AA77-95B468B632B6}"
EndProject
Project("{FAE04EC0-301F-11D3-BF4B-00C04F79EFBC}") = "Machete.Benchmarking", "Machete.Benchmarking\Machete.Benchmarking.csproj", "{5FDCB6D9-C037-4146-A4E7-CAEAEEA970A9}"
EndProject
Project("{FAE04EC0-301F-11D3-BF4B-00C04F79EFBC}") = "Machete.HL7.Samples", "Machete.HL7.Samples\Machete.HL7.Samples.csproj", "{2BA3069F-2E24-440B-9A06-7009149548A1}"
EndProject
Project("{2150E333-8FDC-42A3-9474-1A3956D46DE8}") = "Testing", "Testing", "{70EA7788-F191-47C1-8DD8-9EC0235A4E18}"
EndProject
Project("{2150E333-8FDC-42A3-9474-1A3956D46DE8}") = "Functional", "Functional", "{6B6639DA-2A99-4B07-A81E-C6EC1667AE77}"
EndProject
Project("{2150E333-8FDC-42A3-9474-1A3956D46DE8}") = "Benchmarks", "Benchmarks", "{A0D22F1C-C15D-4D5A-A299-25F5177F11DD}"
EndProject
Project("{2150E333-8FDC-42A3-9474-1A3956D46DE8}") = "Samples", "Samples", "{E1FC3BDF-D123-456E-AB0C-132D5252860B}"
EndProject
Project("{2150E333-8FDC-42A3-9474-1A3956D46DE8}") = "Containers", "Containers", "{6CC97388-DD95-464A-8ADD-E83054ED45D0}"
EndProject
Project("{FAE04EC0-301F-11D3-BF4B-00C04F79EFBC}") = "Machete.CoreDependencyInjectIntegration", "Machete.CoreDependencyInjectIntegration\Machete.CoreDependencyInjectIntegration.csproj", "{AF7B3D6A-18FE-402A-8C90-2B626F39B45B}"
EndProject
Project("{FAE04EC0-301F-11D3-BF4B-00C04F79EFBC}") = "Machete.AutofacIntegration", "Machete.AutofacIntegration\Machete.AutofacIntegration.csproj", "{CBB9063D-266C-461D-B386-05D7F477BE18}"
EndProject
Global
	GlobalSection(Performance) = preSolution
		HasPerformanceSessions = true
	EndGlobalSection
	GlobalSection(SolutionConfigurationPlatforms) = preSolution
		Debug|Any CPU = Debug|Any CPU
		Release|Any CPU = Release|Any CPU
	EndGlobalSection
	GlobalSection(ProjectConfigurationPlatforms) = postSolution
		{F223FB77-E83F-4A63-B8E2-73624B492545}.Debug|Any CPU.ActiveCfg = Debug|Any CPU
		{F223FB77-E83F-4A63-B8E2-73624B492545}.Debug|Any CPU.Build.0 = Debug|Any CPU
		{F223FB77-E83F-4A63-B8E2-73624B492545}.Release|Any CPU.ActiveCfg = Release|Any CPU
		{F223FB77-E83F-4A63-B8E2-73624B492545}.Release|Any CPU.Build.0 = Release|Any CPU
		{1D41759F-660E-4664-883E-190BB9A041EB}.Debug|Any CPU.ActiveCfg = Debug|Any CPU
		{1D41759F-660E-4664-883E-190BB9A041EB}.Debug|Any CPU.Build.0 = Debug|Any CPU
		{1D41759F-660E-4664-883E-190BB9A041EB}.Release|Any CPU.ActiveCfg = Release|Any CPU
		{1D41759F-660E-4664-883E-190BB9A041EB}.Release|Any CPU.Build.0 = Release|Any CPU
		{EE9BE5FD-E053-473F-A91F-C7216138F044}.Debug|Any CPU.ActiveCfg = Debug|Any CPU
		{EE9BE5FD-E053-473F-A91F-C7216138F044}.Debug|Any CPU.Build.0 = Debug|Any CPU
		{EE9BE5FD-E053-473F-A91F-C7216138F044}.Release|Any CPU.ActiveCfg = Release|Any CPU
		{EE9BE5FD-E053-473F-A91F-C7216138F044}.Release|Any CPU.Build.0 = Release|Any CPU
		{17297476-28E0-4544-9C1E-E3F51162FEBD}.Debug|Any CPU.ActiveCfg = Debug|Any CPU
		{17297476-28E0-4544-9C1E-E3F51162FEBD}.Debug|Any CPU.Build.0 = Debug|Any CPU
		{17297476-28E0-4544-9C1E-E3F51162FEBD}.Release|Any CPU.ActiveCfg = Release|Any CPU
		{17297476-28E0-4544-9C1E-E3F51162FEBD}.Release|Any CPU.Build.0 = Release|Any CPU
		{9D6B014C-10E5-42A8-A5D9-8C544F06C93D}.Debug|Any CPU.ActiveCfg = Debug|Any CPU
		{9D6B014C-10E5-42A8-A5D9-8C544F06C93D}.Debug|Any CPU.Build.0 = Debug|Any CPU
		{9D6B014C-10E5-42A8-A5D9-8C544F06C93D}.Release|Any CPU.ActiveCfg = Release|Any CPU
		{9D6B014C-10E5-42A8-A5D9-8C544F06C93D}.Release|Any CPU.Build.0 = Release|Any CPU
		{FED61E73-7033-4B7C-89FF-4A0DFDD3D062}.Debug|Any CPU.ActiveCfg = Debug|Any CPU
		{FED61E73-7033-4B7C-89FF-4A0DFDD3D062}.Debug|Any CPU.Build.0 = Debug|Any CPU
		{FED61E73-7033-4B7C-89FF-4A0DFDD3D062}.Release|Any CPU.ActiveCfg = Release|Any CPU
		{FED61E73-7033-4B7C-89FF-4A0DFDD3D062}.Release|Any CPU.Build.0 = Release|Any CPU
		{DE3734D5-33CB-4432-866C-1C734BE30F50}.Debug|Any CPU.ActiveCfg = Debug|Any CPU
		{DE3734D5-33CB-4432-866C-1C734BE30F50}.Debug|Any CPU.Build.0 = Debug|Any CPU
		{DE3734D5-33CB-4432-866C-1C734BE30F50}.Release|Any CPU.ActiveCfg = Release|Any CPU
		{DE3734D5-33CB-4432-866C-1C734BE30F50}.Release|Any CPU.Build.0 = Release|Any CPU
		{2A4EF736-F9B0-4E37-A77A-90FF0C3CF436}.Debug|Any CPU.ActiveCfg = Debug|Any CPU
		{2A4EF736-F9B0-4E37-A77A-90FF0C3CF436}.Debug|Any CPU.Build.0 = Debug|Any CPU
		{2A4EF736-F9B0-4E37-A77A-90FF0C3CF436}.Release|Any CPU.ActiveCfg = Release|Any CPU
		{2A4EF736-F9B0-4E37-A77A-90FF0C3CF436}.Release|Any CPU.Build.0 = Release|Any CPU
		{5FDCB6D9-C037-4146-A4E7-CAEAEEA970A9}.Debug|Any CPU.ActiveCfg = Debug|Any CPU
		{5FDCB6D9-C037-4146-A4E7-CAEAEEA970A9}.Debug|Any CPU.Build.0 = Debug|Any CPU
		{5FDCB6D9-C037-4146-A4E7-CAEAEEA970A9}.Release|Any CPU.ActiveCfg = Release|Any CPU
		{5FDCB6D9-C037-4146-A4E7-CAEAEEA970A9}.Release|Any CPU.Build.0 = Release|Any CPU
		{2BA3069F-2E24-440B-9A06-7009149548A1}.Debug|Any CPU.ActiveCfg = Debug|Any CPU
		{2BA3069F-2E24-440B-9A06-7009149548A1}.Debug|Any CPU.Build.0 = Debug|Any CPU
		{2BA3069F-2E24-440B-9A06-7009149548A1}.Release|Any CPU.ActiveCfg = Release|Any CPU
		{2BA3069F-2E24-440B-9A06-7009149548A1}.Release|Any CPU.Build.0 = Release|Any CPU
		{AF7B3D6A-18FE-402A-8C90-2B626F39B45B}.Debug|Any CPU.ActiveCfg = Debug|Any CPU
		{AF7B3D6A-18FE-402A-8C90-2B626F39B45B}.Debug|Any CPU.Build.0 = Debug|Any CPU
		{AF7B3D6A-18FE-402A-8C90-2B626F39B45B}.Release|Any CPU.ActiveCfg = Release|Any CPU
		{AF7B3D6A-18FE-402A-8C90-2B626F39B45B}.Release|Any CPU.Build.0 = Release|Any CPU
		{CBB9063D-266C-461D-B386-05D7F477BE18}.Debug|Any CPU.ActiveCfg = Debug|Any CPU
		{CBB9063D-266C-461D-B386-05D7F477BE18}.Debug|Any CPU.Build.0 = Debug|Any CPU
		{CBB9063D-266C-461D-B386-05D7F477BE18}.Release|Any CPU.ActiveCfg = Release|Any CPU
		{CBB9063D-266C-461D-B386-05D7F477BE18}.Release|Any CPU.Build.0 = Release|Any CPU
	EndGlobalSection
	GlobalSection(SolutionProperties) = preSolution
		HideSolutionNode = FALSE
	EndGlobalSection
	GlobalSection(ExtensibilityGlobals) = postSolution
		SolutionGuid = {5AD2420D-AED0-4761-8871-FE0D4B450BA6}
	EndGlobalSection
	GlobalSection(NestedProjects) = preSolution
		{6B6639DA-2A99-4B07-A81E-C6EC1667AE77} = {70EA7788-F191-47C1-8DD8-9EC0235A4E18}
		{1D41759F-660E-4664-883E-190BB9A041EB} = {6B6639DA-2A99-4B07-A81E-C6EC1667AE77}
		{DE3734D5-33CB-4432-866C-1C734BE30F50} = {6B6639DA-2A99-4B07-A81E-C6EC1667AE77}
		{17297476-28E0-4544-9C1E-E3F51162FEBD} = {6B6639DA-2A99-4B07-A81E-C6EC1667AE77}
		{5FDCB6D9-C037-4146-A4E7-CAEAEEA970A9} = {A0D22F1C-C15D-4D5A-A299-25F5177F11DD}
		{2BA3069F-2E24-440B-9A06-7009149548A1} = {E1FC3BDF-D123-456E-AB0C-132D5252860B}
		{A0D22F1C-C15D-4D5A-A299-25F5177F11DD} = {70EA7788-F191-47C1-8DD8-9EC0235A4E18}
		{AF7B3D6A-18FE-402A-8C90-2B626F39B45B} = {6CC97388-DD95-464A-8ADD-E83054ED45D0}
		{CBB9063D-266C-461D-B386-05D7F477BE18} = {6CC97388-DD95-464A-8ADD-E83054ED45D0}
	EndGlobalSection
EndGlobal
